
Microsoft Visual Studio Solution File, Format Version 12.00
# Visual Studio Version 16
VisualStudioVersion = 16.0.29209.62
MinimumVisualStudioVersion = 10.0.40219.1
Project("{FAE04EC0-301F-11D3-BF4B-00C04F79EFBC}") = "MvcApplication2", "MvcApplication2\MvcApplication2.csproj", "{6007A41A-962B-4F11-8759-4EC502B9F16A}"
EndProject
Project("{FAE04EC0-301F-11D3-BF4B-00C04F79EFBC}") = "MvcApplication2.Tests", "MvcApplication2.Tests\MvcApplication2.Tests.csproj", "{E990851C-D233-47AD-BC12-BB7DB180245B}"
EndProject
Global
	GlobalSection(SolutionConfigurationPlatforms) = preSolution
		Debug|Any CPU = Debug|Any CPU
		Release|Any CPU = Release|Any CPU
	EndGlobalSection
	GlobalSection(ProjectConfigurationPlatforms) = postSolution
		{6007A41A-962B-4F11-8759-4EC502B9F16A}.Debug|Any CPU.ActiveCfg = Debug|Any CPU
		{6007A41A-962B-4F11-8759-4EC502B9F16A}.Debug|Any CPU.Build.0 = Debug|Any CPU
		{6007A41A-962B-4F11-8759-4EC502B9F16A}.Release|Any CPU.ActiveCfg = Release|Any CPU
		{6007A41A-962B-4F11-8759-4EC502B9F16A}.Release|Any CPU.Build.0 = Release|Any CPU
		{E990851C-D233-47AD-BC12-BB7DB180245B}.Debug|Any CPU.ActiveCfg = Debug|Any CPU
		{E990851C-D233-47AD-BC12-BB7DB180245B}.Debug|Any CPU.Build.0 = Debug|Any CPU
		{E990851C-D233-47AD-BC12-BB7DB180245B}.Release|Any CPU.ActiveCfg = Release|Any CPU
		{E990851C-D233-47AD-BC12-BB7DB180245B}.Release|Any CPU.Build.0 = Release|Any CPU
	EndGlobalSection
	GlobalSection(SolutionProperties) = preSolution
		HideSolutionNode = FALSE
	EndGlobalSection
	GlobalSection(ExtensibilityGlobals) = postSolution
		SolutionGuid = {027F4CC2-FADD-479F-8647-18BD49019E13}
	EndGlobalSection
EndGlobal
